
Microsoft Visual Studio Solution File, Format Version 12.00
# Visual Studio Version 17
VisualStudioVersion = 17.6.33829.357
MinimumVisualStudioVersion = 10.0.40219.1
Project("{FAE04EC0-301F-11D3-BF4B-00C04F79EFBC}") = "LocalizationUsingSingleJsonFile", "LocalizationUsingSingleJsonFile\LocalizationUsingSingleJsonFile.csproj", "{5844FC42-BEC7-45DC-9194-DA5760819761}"
EndProject
Global
	GlobalSection(SolutionConfigurationPlatforms) = preSolution
		Debug|Any CPU = Debug|Any CPU
		Release|Any CPU = Release|Any CPU
	EndGlobalSection
	GlobalSection(ProjectConfigurationPlatforms) = postSolution
		{5844FC42-BEC7-45DC-9194-DA5760819761}.Debug|Any CPU.ActiveCfg = Debug|Any CPU
		{5844FC42-BEC7-45DC-9194-DA5760819761}.Debug|Any CPU.Build.0 = Debug|Any CPU
		{5844FC42-BEC7-45DC-9194-DA5760819761}.Release|Any CPU.ActiveCfg = Release|Any CPU
		{5844FC42-BEC7-45DC-9194-DA5760819761}.Release|Any CPU.Build.0 = Release|Any CPU
	EndGlobalSection
	GlobalSection(SolutionProperties) = preSolution
		HideSolutionNode = FALSE
	EndGlobalSection
	GlobalSection(ExtensibilityGlobals) = postSolution
		SolutionGuid = {B80F135D-6612-4FF1-8E1F-95D8A860EE3A}
	EndGlobalSection
EndGlobal
